
Microsoft Visual Studio Solution File, Format Version 12.00
# Visual Studio Version 17
VisualStudioVersion = 17.7.34202.233
MinimumVisualStudioVersion = 10.0.40219.1
Project("{FAE04EC0-301F-11D3-BF4B-00C04F79EFBC}") = "RedditClone", "RedditClone\RedditClone.csproj", "{DDCDF54E-EF92-46CE-8C60-8AB7C95D7FEC}"
EndProject
Global
	GlobalSection(SolutionConfigurationPlatforms) = preSolution
		Debug|Any CPU = Debug|Any CPU
		Release|Any CPU = Release|Any CPU
	EndGlobalSection
	GlobalSection(ProjectConfigurationPlatforms) = postSolution
		{DDCDF54E-EF92-46CE-8C60-8AB7C95D7FEC}.Debug|Any CPU.ActiveCfg = Debug|Any CPU
		{DDCDF54E-EF92-46CE-8C60-8AB7C95D7FEC}.Debug|Any CPU.Build.0 = Debug|Any CPU
		{DDCDF54E-EF92-46CE-8C60-8AB7C95D7FEC}.Release|Any CPU.ActiveCfg = Release|Any CPU
		{DDCDF54E-EF92-46CE-8C60-8AB7C95D7FEC}.Release|Any CPU.Build.0 = Release|Any CPU
	EndGlobalSection
	GlobalSection(SolutionProperties) = preSolution
		HideSolutionNode = FALSE
	EndGlobalSection
	GlobalSection(ExtensibilityGlobals) = postSolution
		SolutionGuid = {4BF8450C-9D9A-407C-B8EC-F9A716819B7A}
	EndGlobalSection
EndGlobal
